
Microsoft Visual Studio Solution File, Format Version 12.00
# Visual Studio Version 17
VisualStudioVersion = 17.8.34330.188
MinimumVisualStudioVersion = 10.0.40219.1
Project("{9A19103F-16F7-4668-BE54-9A1E7A4F7556}") = "ZimoziAssesment", "ZimoziAssesment\ZimoziAssesment.csproj", "{258E2601-8AD5-4FE9-97F7-869D16CB80DE}"
EndProject
Project("{FAE04EC0-301F-11D3-BF4B-00C04F79EFBC}") = "ServiceTests", "ServiceTests\ServiceTests.csproj", "{9C81195D-1B5E-4FF1-9C8F-AF6A4B9C0BEF}"
EndProject
Project("{FAE04EC0-301F-11D3-BF4B-00C04F79EFBC}") = "ZimoziAssessment.IntegrationTests", "ZimoziAssessment.IntegrationTests\ZimoziAssessment.IntegrationTests.csproj", "{07C7F68C-BC52-4998-B08B-1C7B1B00C5A3}"
EndProject
Global
	GlobalSection(SolutionConfigurationPlatforms) = preSolution
		Debug|Any CPU = Debug|Any CPU
		Release|Any CPU = Release|Any CPU
	EndGlobalSection
	GlobalSection(ProjectConfigurationPlatforms) = postSolution
		{258E2601-8AD5-4FE9-97F7-869D16CB80DE}.Debug|Any CPU.ActiveCfg = Debug|Any CPU
		{258E2601-8AD5-4FE9-97F7-869D16CB80DE}.Debug|Any CPU.Build.0 = Debug|Any CPU
		{258E2601-8AD5-4FE9-97F7-869D16CB80DE}.Release|Any CPU.ActiveCfg = Release|Any CPU
		{258E2601-8AD5-4FE9-97F7-869D16CB80DE}.Release|Any CPU.Build.0 = Release|Any CPU
		{9C81195D-1B5E-4FF1-9C8F-AF6A4B9C0BEF}.Debug|Any CPU.ActiveCfg = Debug|Any CPU
		{9C81195D-1B5E-4FF1-9C8F-AF6A4B9C0BEF}.Debug|Any CPU.Build.0 = Debug|Any CPU
		{9C81195D-1B5E-4FF1-9C8F-AF6A4B9C0BEF}.Release|Any CPU.ActiveCfg = Release|Any CPU
		{9C81195D-1B5E-4FF1-9C8F-AF6A4B9C0BEF}.Release|Any CPU.Build.0 = Release|Any CPU
		{07C7F68C-BC52-4998-B08B-1C7B1B00C5A3}.Debug|Any CPU.ActiveCfg = Debug|Any CPU
		{07C7F68C-BC52-4998-B08B-1C7B1B00C5A3}.Debug|Any CPU.Build.0 = Debug|Any CPU
		{07C7F68C-BC52-4998-B08B-1C7B1B00C5A3}.Release|Any CPU.ActiveCfg = Release|Any CPU
		{07C7F68C-BC52-4998-B08B-1C7B1B00C5A3}.Release|Any CPU.Build.0 = Release|Any CPU
	EndGlobalSection
	GlobalSection(SolutionProperties) = preSolution
		HideSolutionNode = FALSE
	EndGlobalSection
	GlobalSection(ExtensibilityGlobals) = postSolution
		SolutionGuid = {862EBA0F-061D-410E-AB71-5757CA69E2D4}
	EndGlobalSection
EndGlobal
